
Microsoft Visual Studio Solution File, Format Version 12.00
# Visual Studio Version 17
VisualStudioVersion = 17.14.36414.22 d17.14
MinimumVisualStudioVersion = 10.0.40219.1
Project("{FAE04EC0-301F-11D3-BF4B-00C04F79EFBC}") = "TableTennisScoring", "TableTennisScoring.csproj", "{379D37BA-78C4-424E-A923-C590F4AF666B}"
EndProject
Global
	GlobalSection(SolutionConfigurationPlatforms) = preSolution
		Debug|Any CPU = Debug|Any CPU
		Release|Any CPU = Release|Any CPU
	EndGlobalSection
	GlobalSection(ProjectConfigurationPlatforms) = postSolution
		{379D37BA-78C4-424E-A923-C590F4AF666B}.Debug|Any CPU.ActiveCfg = Debug|Any CPU
		{379D37BA-78C4-424E-A923-C590F4AF666B}.Debug|Any CPU.Build.0 = Debug|Any CPU
		{379D37BA-78C4-424E-A923-C590F4AF666B}.Release|Any CPU.ActiveCfg = Release|Any CPU
		{379D37BA-78C4-424E-A923-C590F4AF666B}.Release|Any CPU.Build.0 = Release|Any CPU
	EndGlobalSection
	GlobalSection(SolutionProperties) = preSolution
		HideSolutionNode = FALSE
	EndGlobalSection
	GlobalSection(ExtensibilityGlobals) = postSolution
		SolutionGuid = {6CCC3359-001E-40F4-8EB6-AC881C04C8B8}
	EndGlobalSection
EndGlobal
